
Microsoft Visual Studio Solution File, Format Version 12.00
# Visual Studio Version 16
VisualStudioVersion = 16.0.31205.134
MinimumVisualStudioVersion = 10.0.40219.1
Project("{FAE04EC0-301F-11D3-BF4B-00C04F79EFBC}") = "CanteenOrdering", "CanteenOrdering\CanteenOrdering.csproj", "{D1C941FB-AC7F-4240-94D0-8A7FE994E009}"
EndProject
Global
	GlobalSection(SolutionConfigurationPlatforms) = preSolution
		Debug|Any CPU = Debug|Any CPU
		Release|Any CPU = Release|Any CPU
	EndGlobalSection
	GlobalSection(ProjectConfigurationPlatforms) = postSolution
		{D1C941FB-AC7F-4240-94D0-8A7FE994E009}.Debug|Any CPU.ActiveCfg = Debug|Any CPU
		{D1C941FB-AC7F-4240-94D0-8A7FE994E009}.Debug|Any CPU.Build.0 = Debug|Any CPU
		{D1C941FB-AC7F-4240-94D0-8A7FE994E009}.Release|Any CPU.ActiveCfg = Release|Any CPU
		{D1C941FB-AC7F-4240-94D0-8A7FE994E009}.Release|Any CPU.Build.0 = Release|Any CPU
	EndGlobalSection
	GlobalSection(SolutionProperties) = preSolution
		HideSolutionNode = FALSE
	EndGlobalSection
	GlobalSection(ExtensibilityGlobals) = postSolution
		SolutionGuid = {42BB10FE-4F8F-4077-B28E-AE9615227E09}
	EndGlobalSection
EndGlobal
